{
  "originHash" : "02cb29773f07d7653a1c15a4895265277e2765fd76d8287dc20ef6648943f27b",
  "pins" : [
    {
      "identity" : "wwipaddress",
      "kind" : "remoteSourceControl",
      "location" : "https://github.com/William-Weng/WWIPAddress",
      "state" : {
        "revision" : "60860501d9d163504de8c1c8b6eb48e1ecb52331",
        "version" : "1.0.0"
      }
    },
    {
      "identity" : "wwnetworking",
      "kind" : "remoteSourceControl",
      "location" : "https://github.com/William-Weng/WWNetworking.git",
      "state" : {
        "revision" : "77b572ec57cddb9c24dfb42c4bfa56fda98269ac",
        "version" : "1.7.6"
      }
    }
  ],
  "version" : 3
}
